
Microsoft Visual Studio Solution File, Format Version 12.00
# Visual Studio Version 17
VisualStudioVersion = 17.2.32526.322
MinimumVisualStudioVersion = 10.0.40219.1
Project("{9A19103F-16F7-4668-BE54-9A1E7A4F7556}") = "data", "data\data.csproj", "{49B67BB0-80E8-4A3E-9082-8FCE0B01A59D}"
EndProject
Project("{9A19103F-16F7-4668-BE54-9A1E7A4F7556}") = "api", "api\api.csproj", "{A88BDD4C-AC82-442B-A843-2C2D89663D49}"
EndProject
Project("{9A19103F-16F7-4668-BE54-9A1E7A4F7556}") = "client", "client\client.csproj", "{BE0A5DAE-564E-4948-AD1F-21B3F9CFB81F}"
EndProject
Project("{FAE04EC0-301F-11D3-BF4B-00C04F79EFBC}") = "Shared", "Shared\Shared.csproj", "{0623A3D7-E4C8-4CDF-9F70-7322A09B8348}"
EndProject
Global
	GlobalSection(SolutionConfigurationPlatforms) = preSolution
		Debug|Any CPU = Debug|Any CPU
		Release|Any CPU = Release|Any CPU
	EndGlobalSection
	GlobalSection(ProjectConfigurationPlatforms) = postSolution
		{49B67BB0-80E8-4A3E-9082-8FCE0B01A59D}.Debug|Any CPU.ActiveCfg = Debug|Any CPU
		{49B67BB0-80E8-4A3E-9082-8FCE0B01A59D}.Debug|Any CPU.Build.0 = Debug|Any CPU
		{49B67BB0-80E8-4A3E-9082-8FCE0B01A59D}.Release|Any CPU.ActiveCfg = Release|Any CPU
		{49B67BB0-80E8-4A3E-9082-8FCE0B01A59D}.Release|Any CPU.Build.0 = Release|Any CPU
		{A88BDD4C-AC82-442B-A843-2C2D89663D49}.Debug|Any CPU.ActiveCfg = Debug|Any CPU
		{A88BDD4C-AC82-442B-A843-2C2D89663D49}.Debug|Any CPU.Build.0 = Debug|Any CPU
		{A88BDD4C-AC82-442B-A843-2C2D89663D49}.Release|Any CPU.ActiveCfg = Release|Any CPU
		{A88BDD4C-AC82-442B-A843-2C2D89663D49}.Release|Any CPU.Build.0 = Release|Any CPU
		{BE0A5DAE-564E-4948-AD1F-21B3F9CFB81F}.Debug|Any CPU.ActiveCfg = Debug|Any CPU
		{BE0A5DAE-564E-4948-AD1F-21B3F9CFB81F}.Debug|Any CPU.Build.0 = Debug|Any CPU
		{BE0A5DAE-564E-4948-AD1F-21B3F9CFB81F}.Release|Any CPU.ActiveCfg = Release|Any CPU
		{BE0A5DAE-564E-4948-AD1F-21B3F9CFB81F}.Release|Any CPU.Build.0 = Release|Any CPU
		{0623A3D7-E4C8-4CDF-9F70-7322A09B8348}.Debug|Any CPU.ActiveCfg = Debug|Any CPU
		{0623A3D7-E4C8-4CDF-9F70-7322A09B8348}.Debug|Any CPU.Build.0 = Debug|Any CPU
		{0623A3D7-E4C8-4CDF-9F70-7322A09B8348}.Release|Any CPU.ActiveCfg = Release|Any CPU
		{0623A3D7-E4C8-4CDF-9F70-7322A09B8348}.Release|Any CPU.Build.0 = Release|Any CPU
	EndGlobalSection
	GlobalSection(SolutionProperties) = preSolution
		HideSolutionNode = FALSE
	EndGlobalSection
	GlobalSection(ExtensibilityGlobals) = postSolution
		SolutionGuid = {3C3010C5-9465-431C-9421-6BA10D349723}
	EndGlobalSection
EndGlobal
